{
  "name": "wasm",
  "version": "1.0.0",
  "lockfileVersion": 1,
  "requires": true,
  "dependencies": {
    "@assemblyscript/loader": {
      "version": "0.18.9",
      "resolved": "https://registry.npmjs.org/@assemblyscript/loader/-/loader-0.18.9.tgz",
      "integrity": "sha512-E49ZYGudAsDZG78mj59/OysLHait0igAm0PPx/Q21aT6qtgJC4RWYo8kaY/w6OV5TndX6ugEa9RDBSyx0lGDnQ=="
    },
    "assemblyscript": {
      "version": "0.18.9",
      "resolved": "https://registry.npmjs.org/assemblyscript/-/assemblyscript-0.18.9.tgz",
      "integrity": "sha512-OYZiVY3DlZ5ZnvLHQkyjqnoXZO7xUHHkRDlPprP7w3907tMDrKCtp4uInm0/hUpHLlzcS7W7/BkvZXu28zOuSA==",
      "dev": true,
      "requires": {
        "binaryen": "98.0.0-nightly.20210106",
        "long": "^4.0.0"
      }
    },
    "binaryen": {
      "version": "98.0.0-nightly.20210106",
      "resolved": "https://registry.npmjs.org/binaryen/-/binaryen-98.0.0-nightly.20210106.tgz",
      "integrity": "sha512-iunAgesqT9PXVYCc72FA4h0sCCKLifruT6NuUH63xqlFJGpChhZLgOtyIb/fIgTibN5Pd692cxfBViyCWFsJ9Q==",
      "dev": true
    },
    "long": {
      "version": "4.0.0",
      "resolved": "https://registry.npmjs.org/long/-/long-4.0.0.tgz",
      "integrity": "sha512-XsP+KhQif4bjX1kbuSiySJFNAehNxgLb6hPRGJ9QsUr8ajHkuXGdrHmFUTUUXhDwVX2R5bY4JNZEwbUiMhV+MA==",
      "dev": true
    }
  }
}
